// !$*UTF8*$!
{
	archiveVersion = 1;
	classes = {
	};
	objectVersion = 56;
	objects = {

/* Begin PBXBuildFile section */
		6F24BD8D2AF8E15C00157372 /* AFURLSessionManagerTests.m in Sources */ = {isa = PBXBuildFile; fileRef = 6F24BD8C2AF8E15C00157372 /* AFURLSessionManagerTests.m */; };
		6F24BD922AF8E38600157372 /* AFTestCase.m in Sources */ = {isa = PBXBuildFile; fileRef = 6F24BD912AF8E38600157372 /* AFTestCase.m */; };
		6F31E06C2B25EFA000C9985E /* AFURLResponseSerialization.m in Sources */ = {isa = PBXBuildFile; fileRef = 6F31E06B2B25EFA000C9985E /* AFURLResponseSerialization.m */; };
		6F4F08322AF7C0A7009D3568 /* AppDelegate.m in Sources */ = {isa = PBXBuildFile; fileRef = 6F4F08312AF7C0A7009D3568 /* AppDelegate.m */; };
		6F4F08352AF7C0A7009D3568 /* SceneDelegate.m in Sources */ = {isa = PBXBuildFile; fileRef = 6F4F08342AF7C0A7009D3568 /* SceneDelegate.m */; };
		6F4F08382AF7C0A7009D3568 /* ViewController.m in Sources */ = {isa = PBXBuildFile; fileRef = 6F4F08372AF7C0A7009D3568 /* ViewController.m */; };
		6F4F083B2AF7C0A7009D3568 /* Main.storyboard in Resources */ = {isa = PBXBuildFile; fileRef = 6F4F08392AF7C0A7009D3568 /* Main.storyboard */; };
		6F4F083D2AF7C0A8009D3568 /* Assets.xcassets in Resources */ = {isa = PBXBuildFile; fileRef = 6F4F083C2AF7C0A8009D3568 /* Assets.xcassets */; };
		6F4F08402AF7C0A8009D3568 /* LaunchScreen.storyboard in Resources */ = {isa = PBXBuildFile; fileRef = 6F4F083E2AF7C0A8009D3568 /* LaunchScreen.storyboard */; };
		6F4F08432AF7C0A8009D3568 /* main.m in Sources */ = {isa = PBXBuildFile; fileRef = 6F4F08422AF7C0A8009D3568 /* main.m */; };
		6F4F084C2AF7C0D8009D3568 /* AFHTTPSessionManager.m in Sources */ = {isa = PBXBuildFile; fileRef = 6F4F084B2AF7C0D8009D3568 /* AFHTTPSessionManager.m */; };
		6F4F084F2AF7C101009D3568 /* AFURLSessionManager.m in Sources */ = {isa = PBXBuildFile; fileRef = 6F4F084E2AF7C101009D3568 /* AFURLSessionManager.m */; };
		6F8B7D392B2D49900075E594 /* AFURLRequestSerialization.m in Sources */ = {isa = PBXBuildFile; fileRef = 6F8B7D382B2D49900075E594 /* AFURLRequestSerialization.m */; };
		6F8B7D3B2B2E90380075E594 /* AFHTTPRequestSerializationTests.m in Sources */ = {isa = PBXBuildFile; fileRef = 6F8B7D3A2B2E90380075E594 /* AFHTTPRequestSerializationTests.m */; };
		6F8B7DF22B2E9C930075E594 /* Resources.xcassets in Resources */ = {isa = PBXBuildFile; fileRef = 6F8B7DF12B2E9C930075E594 /* Resources.xcassets */; };
/* End PBXBuildFile section */

/* Begin PBXContainerItemProxy section */
		6F24BD862AF8E12500157372 /* PBXContainerItemProxy */ = {
			isa = PBXContainerItemProxy;
			containerPortal = 6F4F08252AF7C0A7009D3568 /* Project object */;
			proxyType = 1;
			remoteGlobalIDString = 6F4F082C2AF7C0A7009D3568;
			remoteInfo = AFNetworkingLearning;
		};
/* End PBXContainerItemProxy section */

/* Begin PBXFileReference section */
		6F1009A12B2C034800905C41 /* TestPlan.xctestplan */ = {isa = PBXFileReference; lastKnownFileType = text; name = TestPlan.xctestplan; path = AFNetworkingLearningTests/TestPlan.xctestplan; sourceTree = "<group>"; };
		6F24BD822AF8E12500157372 /* AFNetworkingLearningTests.xctest */ = {isa = PBXFileReference; explicitFileType = wrapper.cfbundle; includeInIndex = 0; path = AFNetworkingLearningTests.xctest; sourceTree = BUILT_PRODUCTS_DIR; };
		6F24BD8C2AF8E15C00157372 /* AFURLSessionManagerTests.m */ = {isa = PBXFileReference; lastKnownFileType = sourcecode.c.objc; path = AFURLSessionManagerTests.m; sourceTree = "<group>"; };
		6F24BD902AF8E38600157372 /* AFTestCase.h */ = {isa = PBXFileReference; lastKnownFileType = sourcecode.c.h; path = AFTestCase.h; sourceTree = "<group>"; };
		6F24BD912AF8E38600157372 /* AFTestCase.m */ = {isa = PBXFileReference; lastKnownFileType = sourcecode.c.objc; path = AFTestCase.m; sourceTree = "<group>"; };
		6F31E06A2B25EFA000C9985E /* AFURLResponseSerialization.h */ = {isa = PBXFileReference; lastKnownFileType = sourcecode.c.h; path = AFURLResponseSerialization.h; sourceTree = "<group>"; };
		6F31E06B2B25EFA000C9985E /* AFURLResponseSerialization.m */ = {isa = PBXFileReference; lastKnownFileType = sourcecode.c.objc; path = AFURLResponseSerialization.m; sourceTree = "<group>"; };
		6F4F082D2AF7C0A7009D3568 /* AFNetworkingLearning.app */ = {isa = PBXFileReference; explicitFileType = wrapper.application; includeInIndex = 0; path = AFNetworkingLearning.app; sourceTree = BUILT_PRODUCTS_DIR; };
		6F4F08302AF7C0A7009D3568 /* AppDelegate.h */ = {isa = PBXFileReference; lastKnownFileType = sourcecode.c.h; path = AppDelegate.h; sourceTree = "<group>"; };
		6F4F08312AF7C0A7009D3568 /* AppDelegate.m */ = {isa = PBXFileReference; lastKnownFileType = sourcecode.c.objc; path = AppDelegate.m; sourceTree = "<group>"; };
		6F4F08332AF7C0A7009D3568 /* SceneDelegate.h */ = {isa = PBXFileReference; lastKnownFileType = sourcecode.c.h; path = SceneDelegate.h; sourceTree = "<group>"; };
		6F4F08342AF7C0A7009D3568 /* SceneDelegate.m */ = {isa = PBXFileReference; lastKnownFileType = sourcecode.c.objc; path = SceneDelegate.m; sourceTree = "<group>"; };
		6F4F08362AF7C0A7009D3568 /* ViewController.h */ = {isa = PBXFileReference; lastKnownFileType = sourcecode.c.h; path = ViewController.h; sourceTree = "<group>"; };
		6F4F08372AF7C0A7009D3568 /* ViewController.m */ = {isa = PBXFileReference; lastKnownFileType = sourcecode.c.objc; path = ViewController.m; sourceTree = "<group>"; };
		6F4F083A2AF7C0A7009D3568 /* Base */ = {isa = PBXFileReference; lastKnownFileType = file.storyboard; name = Base; path = Base.lproj/Main.storyboard; sourceTree = "<group>"; };
		6F4F083C2AF7C0A8009D3568 /* Assets.xcassets */ = {isa = PBXFileReference; lastKnownFileType = folder.assetcatalog; path = Assets.xcassets; sourceTree = "<group>"; };
		6F4F083F2AF7C0A8009D3568 /* Base */ = {isa = PBXFileReference; lastKnownFileType = file.storyboard; name = Base; path = Base.lproj/LaunchScreen.storyboard; sourceTree = "<group>"; };
		6F4F08412AF7C0A8009D3568 /* Info.plist */ = {isa = PBXFileReference; lastKnownFileType = text.plist.xml; path = Info.plist; sourceTree = "<group>"; };
		6F4F08422AF7C0A8009D3568 /* main.m */ = {isa = PBXFileReference; lastKnownFileType = sourcecode.c.objc; path = main.m; sourceTree = "<group>"; };
		6F4F084A2AF7C0D8009D3568 /* AFHTTPSessionManager.h */ = {isa = PBXFileReference; lastKnownFileType = sourcecode.c.h; path = AFHTTPSessionManager.h; sourceTree = "<group>"; };
		6F4F084B2AF7C0D8009D3568 /* AFHTTPSessionManager.m */ = {isa = PBXFileReference; lastKnownFileType = sourcecode.c.objc; path = AFHTTPSessionManager.m; sourceTree = "<group>"; };
		6F4F084D2AF7C101009D3568 /* AFURLSessionManager.h */ = {isa = PBXFileReference; lastKnownFileType = sourcecode.c.h; path = AFURLSessionManager.h; sourceTree = "<group>"; };
		6F4F084E2AF7C101009D3568 /* AFURLSessionManager.m */ = {isa = PBXFileReference; lastKnownFileType = sourcecode.c.objc; path = AFURLSessionManager.m; sourceTree = "<group>"; };
		6F4F08502AF7D787009D3568 /* README.md */ = {isa = PBXFileReference; lastKnownFileType = net.daringfireball.markdown; path = README.md; sourceTree = "<group>"; };
		6F8B7D372B2D49900075E594 /* AFURLRequestSerialization.h */ = {isa = PBXFileReference; lastKnownFileType = sourcecode.c.h; path = AFURLRequestSerialization.h; sourceTree = "<group>"; };
		6F8B7D382B2D49900075E594 /* AFURLRequestSerialization.m */ = {isa = PBXFileReference; lastKnownFileType = sourcecode.c.objc; path = AFURLRequestSerialization.m; sourceTree = "<group>"; };
		6F8B7D3A2B2E90380075E594 /* AFHTTPRequestSerializationTests.m */ = {isa = PBXFileReference; lastKnownFileType = sourcecode.c.objc; path = AFHTTPRequestSerializationTests.m; sourceTree = "<group>"; };
		6F8B7DF12B2E9C930075E594 /* Resources.xcassets */ = {isa = PBXFileReference; lastKnownFileType = folder.assetcatalog; path = Resources.xcassets; sourceTree = "<group>"; };
/* End PBXFileReference section */

/* Begin PBXFrameworksBuildPhase section */
		6F24BD7F2AF8E12500157372 /* Frameworks */ = {
			isa = PBXFrameworksBuildPhase;
			buildActionMask = 2147483647;
			files = (
			);
			runOnlyForDeploymentPostprocessing = 0;
		};
		6F4F082A2AF7C0A7009D3568 /* Frameworks */ = {
			isa = PBXFrameworksBuildPhase;
			buildActionMask = 2147483647;
			files = (
			);
			runOnlyForDeploymentPostprocessing = 0;
		};
/* End PBXFrameworksBuildPhase section */

/* Begin PBXGroup section */
		6F24BD832AF8E12500157372 /* AFNetworkingLearningTests */ = {
			isa = PBXGroup;
			children = (
				6F24BD8B2AF8E12B00157372 /* AFNetworking */,
				6F24BD902AF8E38600157372 /* AFTestCase.h */,
				6F24BD912AF8E38600157372 /* AFTestCase.m */,
			);
			path = AFNetworkingLearningTests;
			sourceTree = "<group>";
		};
		6F24BD8B2AF8E12B00157372 /* AFNetworking */ = {
			isa = PBXGroup;
			children = (
				6F24BD8C2AF8E15C00157372 /* AFURLSessionManagerTests.m */,
				6F8B7D3A2B2E90380075E594 /* AFHTTPRequestSerializationTests.m */,
			);
			path = AFNetworking;
			sourceTree = "<group>";
		};
		6F4F08242AF7C0A7009D3568 = {
			isa = PBXGroup;
			children = (
				6F1009A12B2C034800905C41 /* TestPlan.xctestplan */,
				6F4F08502AF7D787009D3568 /* README.md */,
				6F4F082F2AF7C0A7009D3568 /* AFNetworkingLearning */,
				6F24BD832AF8E12500157372 /* AFNetworkingLearningTests */,
				6F4F082E2AF7C0A7009D3568 /* Products */,
			);
			sourceTree = "<group>";
		};
		6F4F082E2AF7C0A7009D3568 /* Products */ = {
			isa = PBXGroup;
			children = (
				6F4F082D2AF7C0A7009D3568 /* AFNetworkingLearning.app */,
				6F24BD822AF8E12500157372 /* AFNetworkingLearningTests.xctest */,
			);
			name = Products;
			sourceTree = "<group>";
		};
		6F4F082F2AF7C0A7009D3568 /* AFNetworkingLearning */ = {
			isa = PBXGroup;
			children = (
				6F4F08492AF7C0AD009D3568 /* AFNetworking */,
				6F4F08302AF7C0A7009D3568 /* AppDelegate.h */,
				6F4F08312AF7C0A7009D3568 /* AppDelegate.m */,
				6F4F08332AF7C0A7009D3568 /* SceneDelegate.h */,
				6F4F08342AF7C0A7009D3568 /* SceneDelegate.m */,
				6F4F08362AF7C0A7009D3568 /* ViewController.h */,
				6F4F08372AF7C0A7009D3568 /* ViewController.m */,
				6F4F08392AF7C0A7009D3568 /* Main.storyboard */,
				6F4F083C2AF7C0A8009D3568 /* Assets.xcassets */,
				6F4F083E2AF7C0A8009D3568 /* LaunchScreen.storyboard */,
				6F4F08412AF7C0A8009D3568 /* Info.plist */,
				6F4F08422AF7C0A8009D3568 /* main.m */,
				6F8B7DF12B2E9C930075E594 /* Resources.xcassets */,
			);
			path = AFNetworkingLearning;
			sourceTree = "<group>";
		};
		6F4F08492AF7C0AD009D3568 /* AFNetworking */ = {
			isa = PBXGroup;
			children = (
				6F4F084A2AF7C0D8009D3568 /* AFHTTPSessionManager.h */,
				6F4F084B2AF7C0D8009D3568 /* AFHTTPSessionManager.m */,
				6F8B7D372B2D49900075E594 /* AFURLRequestSerialization.h */,
				6F8B7D382B2D49900075E594 /* AFURLRequestSerialization.m */,
				6F4F084D2AF7C101009D3568 /* AFURLSessionManager.h */,
				6F4F084E2AF7C101009D3568 /* AFURLSessionManager.m */,
				6F31E06A2B25EFA000C9985E /* AFURLResponseSerialization.h */,
				6F31E06B2B25EFA000C9985E /* AFURLResponseSerialization.m */,
			);
			path = AFNetworking;
			sourceTree = "<group>";
		};
/* End PBXGroup section */

/* Begin PBXNativeTarget section */
		6F24BD812AF8E12500157372 /* AFNetworkingLearningTests */ = {
			isa = PBXNativeTarget;
			buildConfigurationList = 6F24BD8A2AF8E12500157372 /* Build configuration list for PBXNativeTarget "AFNetworkingLearningTests" */;
			buildPhases = (
				6F24BD7E2AF8E12500157372 /* Sources */,
				6F24BD7F2AF8E12500157372 /* Frameworks */,
				6F24BD802AF8E12500157372 /* Resources */,
			);
			buildRules = (
			);
			dependencies = (
				6F24BD872AF8E12500157372 /* PBXTargetDependency */,
			);
			name = AFNetworkingLearningTests;
			productName = AFNetworkingLearningTests;
			productReference = 6F24BD822AF8E12500157372 /* AFNetworkingLearningTests.xctest */;
			productType = "com.apple.product-type.bundle.unit-test";
		};
		6F4F082C2AF7C0A7009D3568 /* AFNetworkingLearning */ = {
			isa = PBXNativeTarget;
			buildConfigurationList = 6F4F08462AF7C0A8009D3568 /* Build configuration list for PBXNativeTarget "AFNetworkingLearning" */;
			buildPhases = (
				6F4F08292AF7C0A7009D3568 /* Sources */,
				6F4F082A2AF7C0A7009D3568 /* Frameworks */,
				6F4F082B2AF7C0A7009D3568 /* Resources */,
			);
			buildRules = (
			);
			dependencies = (
			);
			name = AFNetworkingLearning;
			productName = AFNetworkingLearning;
			productReference = 6F4F082D2AF7C0A7009D3568 /* AFNetworkingLearning.app */;
			productType = "com.apple.product-type.application";
		};
/* End PBXNativeTarget section */

/* Begin PBXProject section */
		6F4F08252AF7C0A7009D3568 /* Project object */ = {
			isa = PBXProject;
			attributes = {
				BuildIndependentTargetsInParallel = 1;
				LastUpgradeCheck = 1500;
				TargetAttributes = {
					6F24BD812AF8E12500157372 = {
						CreatedOnToolsVersion = 15.0;
						TestTargetID = 6F4F082C2AF7C0A7009D3568;
					};
					6F4F082C2AF7C0A7009D3568 = {
						CreatedOnToolsVersion = 15.0.1;
					};
				};
			};
			buildConfigurationList = 6F4F08282AF7C0A7009D3568 /* Build configuration list for PBXProject "AFNetworkingLearning" */;
			compatibilityVersion = "Xcode 14.0";
			developmentRegion = en;
			hasScannedForEncodings = 0;
			knownRegions = (
				en,
				Base,
			);
			mainGroup = 6F4F08242AF7C0A7009D3568;
			productRefGroup = 6F4F082E2AF7C0A7009D3568 /* Products */;
			projectDirPath = "";
			projectRoot = "";
			targets = (
				6F4F082C2AF7C0A7009D3568 /* AFNetworkingLearning */,
				6F24BD812AF8E12500157372 /* AFNetworkingLearningTests */,
			);
		};
/* End PBXProject section */

/* Begin PBXResourcesBuildPhase section */
		6F24BD802AF8E12500157372 /* Resources */ = {
			isa = PBXResourcesBuildPhase;
			buildActionMask = 2147483647;
			files = (
			);
			runOnlyForDeploymentPostprocessing = 0;
		};
		6F4F082B2AF7C0A7009D3568 /* Resources */ = {
			isa = PBXResourcesBuildPhase;
			buildActionMask = 2147483647;
			files = (
				6F4F08402AF7C0A8009D3568 /* LaunchScreen.storyboard in Resources */,
				6F8B7DF22B2E9C930075E594 /* Resources.xcassets in Resources */,
				6F4F083D2AF7C0A8009D3568 /* Assets.xcassets in Resources */,
				6F4F083B2AF7C0A7009D3568 /* Main.storyboard in Resources */,
			);
			runOnlyForDeploymentPostprocessing = 0;
		};
/* End PBXResourcesBuildPhase section */

/* Begin PBXSourcesBuildPhase section */
		6F24BD7E2AF8E12500157372 /* Sources */ = {
			isa = PBXSourcesBuildPhase;
			buildActionMask = 2147483647;
			files = (
				6F24BD922AF8E38600157372 /* AFTestCase.m in Sources */,
				6F24BD8D2AF8E15C00157372 /* AFURLSessionManagerTests.m in Sources */,
				6F8B7D3B2B2E90380075E594 /* AFHTTPRequestSerializationTests.m in Sources */,
			);
			runOnlyForDeploymentPostprocessing = 0;
		};
		6F4F08292AF7C0A7009D3568 /* Sources */ = {
			isa = PBXSourcesBuildPhase;
			buildActionMask = 2147483647;
			files = (
				6F4F08382AF7C0A7009D3568 /* ViewController.m in Sources */,
				6F4F08322AF7C0A7009D3568 /* AppDelegate.m in Sources */,
				6F4F084C2AF7C0D8009D3568 /* AFHTTPSessionManager.m in Sources */,
				6F4F084F2AF7C101009D3568 /* AFURLSessionManager.m in Sources */,
				6F4F08432AF7C0A8009D3568 /* main.m in Sources */,
				6F31E06C2B25EFA000C9985E /* AFURLResponseSerialization.m in Sources */,
				6F4F08352AF7C0A7009D3568 /* SceneDelegate.m in Sources */,
				6F8B7D392B2D49900075E594 /* AFURLRequestSerialization.m in Sources */,
			);
			runOnlyForDeploymentPostprocessing = 0;
		};
/* End PBXSourcesBuildPhase section */

/* Begin PBXTargetDependency section */
		6F24BD872AF8E12500157372 /* PBXTargetDependency */ = {
			isa = PBXTargetDependency;
			target = 6F4F082C2AF7C0A7009D3568 /* AFNetworkingLearning */;
			targetProxy = 6F24BD862AF8E12500157372 /* PBXContainerItemProxy */;
		};
/* End PBXTargetDependency section */

/* Begin PBXVariantGroup section */
		6F4F08392AF7C0A7009D3568 /* Main.storyboard */ = {
			isa = PBXVariantGroup;
			children = (
				6F4F083A2AF7C0A7009D3568 /* Base */,
			);
			name = Main.storyboard;
			sourceTree = "<group>";
		};
		6F4F083E2AF7C0A8009D3568 /* LaunchScreen.storyboard */ = {
			isa = PBXVariantGroup;
			children = (
				6F4F083F2AF7C0A8009D3568 /* Base */,
			);
			name = LaunchScreen.storyboard;
			sourceTree = "<group>";
		};
/* End PBXVariantGroup section */

/* Begin XCBuildConfiguration section */
		6F24BD882AF8E12500157372 /* Debug */ = {
			isa = XCBuildConfiguration;
			buildSettings = {
				BUNDLE_LOADER = "$(TEST_HOST)";
				CODE_SIGN_STYLE = Automatic;
				CURRENT_PROJECT_VERSION = 1;
				DEVELOPMENT_TEAM = D3RT2JX4N7;
				GENERATE_INFOPLIST_FILE = YES;
				MARKETING_VERSION = 1.0;
				PRODUCT_BUNDLE_IDENTIFIER = com.wepie.purchaseTest.AFNetworkingLearningTests;
				PRODUCT_NAME = "$(TARGET_NAME)";
				SWIFT_EMIT_LOC_STRINGS = NO;
				TARGETED_DEVICE_FAMILY = "1,2";
				TEST_HOST = "$(BUILT_PRODUCTS_DIR)/AFNetworkingLearning.app/$(BUNDLE_EXECUTABLE_FOLDER_PATH)/AFNetworkingLearning";
			};
			name = Debug;
		};
		6F24BD892AF8E12500157372 /* Release */ = {
			isa = XCBuildConfiguration;
			buildSettings = {
				BUNDLE_LOADER = "$(TEST_HOST)";
				CODE_SIGN_STYLE = Automatic;
				CURRENT_PROJECT_VERSION = 1;
				DEVELOPMENT_TEAM = D3RT2JX4N7;
				GENERATE_INFOPLIST_FILE = YES;
				MARKETING_VERSION = 1.0;
				PRODUCT_BUNDLE_IDENTIFIER = com.wepie.purchaseTest.AFNetworkingLearningTests;
				PRODUCT_NAME = "$(TARGET_NAME)";
				SWIFT_EMIT_LOC_STRINGS = NO;
				TARGETED_DEVICE_FAMILY = "1,2";
				TEST_HOST = "$(BUILT_PRODUCTS_DIR)/AFNetworkingLearning.app/$(BUNDLE_EXECUTABLE_FOLDER_PATH)/AFNetworkingLearning";
			};
			name = Release;
		};
		6F4F08442AF7C0A8009D3568 /* Debug */ = {
			isa = XCBuildConfiguration;
			buildSettings = {
				ALWAYS_SEARCH_USER_PATHS = NO;
				ASSETCATALOG_COMPILER_GENERATE_SWIFT_ASSET_SYMBOL_EXTENSIONS = YES;
				CLANG_ANALYZER_NONNULL = YES;
				CLANG_ANALYZER_NUMBER_OBJECT_CONVERSION = YES_AGGRESSIVE;
				CLANG_CXX_LANGUAGE_STANDARD = "gnu++20";
				CLANG_ENABLE_MODULES = YES;
				CLANG_ENABLE_OBJC_ARC = YES;
				CLANG_ENABLE_OBJC_WEAK = YES;
				CLANG_WARN_BLOCK_CAPTURE_AUTORELEASING = YES;
				CLANG_WARN_BOOL_CONVERSION = YES;
				CLANG_WARN_COMMA = YES;
				CLANG_WARN_CONSTANT_CONVERSION = YES;
				CLANG_WARN_DEPRECATED_OBJC_IMPLEMENTATIONS = YES;
				CLANG_WARN_DIRECT_OBJC_ISA_USAGE = YES_ERROR;
				CLANG_WARN_DOCUMENTATION_COMMENTS = YES;
				CLANG_WARN_EMPTY_BODY = YES;
				CLANG_WARN_ENUM_CONVERSION = YES;
				CLANG_WARN_INFINITE_RECURSION = YES;
				CLANG_WARN_INT_CONVERSION = YES;
				CLANG_WARN_NON_LITERAL_NULL_CONVERSION = YES;
				CLANG_WARN_OBJC_IMPLICIT_RETAIN_SELF = YES;
				CLANG_WARN_OBJC_LITERAL_CONVERSION = YES;
				CLANG_WARN_OBJC_ROOT_CLASS = YES_ERROR;
				CLANG_WARN_QUOTED_INCLUDE_IN_FRAMEWORK_HEADER = YES;
				CLANG_WARN_RANGE_LOOP_ANALYSIS = YES;
				CLANG_WARN_STRICT_PROTOTYPES = YES;
				CLANG_WARN_SUSPICIOUS_MOVE = YES;
				CLANG_WARN_UNGUARDED_AVAILABILITY = YES_AGGRESSIVE;
				CLANG_WARN_UNREACHABLE_CODE = YES;
				CLANG_WARN__DUPLICATE_METHOD_MATCH = YES;
				COPY_PHASE_STRIP = NO;
				DEBUG_INFORMATION_FORMAT = dwarf;
				ENABLE_STRICT_OBJC_MSGSEND = YES;
				ENABLE_TESTABILITY = YES;
				ENABLE_USER_SCRIPT_SANDBOXING = YES;
				GCC_C_LANGUAGE_STANDARD = gnu17;
				GCC_DYNAMIC_NO_PIC = NO;
				GCC_NO_COMMON_BLOCKS = YES;
				GCC_OPTIMIZATION_LEVEL = 0;
				GCC_PREPROCESSOR_DEFINITIONS = (
					"DEBUG=1",
					"$(inherited)",
				);
				GCC_WARN_64_TO_32_BIT_CONVERSION = YES;
				GCC_WARN_ABOUT_RETURN_TYPE = YES_ERROR;
				GCC_WARN_UNDECLARED_SELECTOR = YES;
				GCC_WARN_UNINITIALIZED_AUTOS = YES_AGGRESSIVE;
				GCC_WARN_UNUSED_FUNCTION = YES;
				GCC_WARN_UNUSED_VARIABLE = YES;
				IPHONEOS_DEPLOYMENT_TARGET = 17.0;
				LOCALIZATION_PREFERS_STRING_CATALOGS = YES;
				MTL_ENABLE_DEBUG_INFO = INCLUDE_SOURCE;
				MTL_FAST_MATH = YES;
				ONLY_ACTIVE_ARCH = YES;
				SDKROOT = iphoneos;
			};
			name = Debug;
		};
		6F4F08452AF7C0A8009D3568 /* Release */ = {
			isa = XCBuildConfiguration;
			buildSettings = {
				ALWAYS_SEARCH_USER_PATHS = NO;
				ASSETCATALOG_COMPILER_GENERATE_SWIFT_ASSET_SYMBOL_EXTENSIONS = YES;
				CLANG_ANALYZER_NONNULL = YES;
				CLANG_ANALYZER_NUMBER_OBJECT_CONVERSION = YES_AGGRESSIVE;
				CLANG_CXX_LANGUAGE_STANDARD = "gnu++20";
				CLANG_ENABLE_MODULES = YES;
				CLANG_ENABLE_OBJC_ARC = YES;
				CLANG_ENABLE_OBJC_WEAK = YES;
				CLANG_WARN_BLOCK_CAPTURE_AUTORELEASING = YES;
				CLANG_WARN_BOOL_CONVERSION = YES;
				CLANG_WARN_COMMA = YES;
				CLANG_WARN_CONSTANT_CONVERSION = YES;
				CLANG_WARN_DEPRECATED_OBJC_IMPLEMENTATIONS = YES;
				CLANG_WARN_DIRECT_OBJC_ISA_USAGE = YES_ERROR;
				CLANG_WARN_DOCUMENTATION_COMMENTS = YES;
				CLANG_WARN_EMPTY_BODY = YES;
				CLANG_WARN_ENUM_CONVERSION = YES;
				CLANG_WARN_INFINITE_RECURSION = YES;
				CLANG_WARN_INT_CONVERSION = YES;
				CLANG_WARN_NON_LITERAL_NULL_CONVERSION = YES;
				CLANG_WARN_OBJC_IMPLICIT_RETAIN_SELF = YES;
				CLANG_WARN_OBJC_LITERAL_CONVERSION = YES;
				CLANG_WARN_OBJC_ROOT_CLASS = YES_ERROR;
				CLANG_WARN_QUOTED_INCLUDE_IN_FRAMEWORK_HEADER = YES;
				CLANG_WARN_RANGE_LOOP_ANALYSIS = YES;
				CLANG_WARN_STRICT_PROTOTYPES = YES;
				CLANG_WARN_SUSPICIOUS_MOVE = YES;
				CLANG_WARN_UNGUARDED_AVAILABILITY = YES_AGGRESSIVE;
				CLANG_WARN_UNREACHABLE_CODE = YES;
				CLANG_WARN__DUPLICATE_METHOD_MATCH = YES;
				COPY_PHASE_STRIP = NO;
				DEBUG_INFORMATION_FORMAT = "dwarf-with-dsym";
				ENABLE_NS_ASSERTIONS = NO;
				ENABLE_STRICT_OBJC_MSGSEND = YES;
				ENABLE_USER_SCRIPT_SANDBOXING = YES;
				GCC_C_LANGUAGE_STANDARD = gnu17;
				GCC_NO_COMMON_BLOCKS = YES;
				GCC_WARN_64_TO_32_BIT_CONVERSION = YES;
				GCC_WARN_ABOUT_RETURN_TYPE = YES_ERROR;
				GCC_WARN_UNDECLARED_SELECTOR = YES;
				GCC_WARN_UNINITIALIZED_AUTOS = YES_AGGRESSIVE;
				GCC_WARN_UNUSED_FUNCTION = YES;
				GCC_WARN_UNUSED_VARIABLE = YES;
				IPHONEOS_DEPLOYMENT_TARGET = 17.0;
				LOCALIZATION_PREFERS_STRING_CATALOGS = YES;
				MTL_ENABLE_DEBUG_INFO = NO;
				MTL_FAST_MATH = YES;
				SDKROOT = iphoneos;
				VALIDATE_PRODUCT = YES;
			};
			name = Release;
		};
		6F4F08472AF7C0A8009D3568 /* Debug */ = {
			isa = XCBuildConfiguration;
			buildSettings = {
				ASSETCATALOG_COMPILER_APPICON_NAME = AppIcon;
				ASSETCATALOG_COMPILER_GLOBAL_ACCENT_COLOR_NAME = AccentColor;
				CODE_SIGN_STYLE = Automatic;
				CURRENT_PROJECT_VERSION = 1;
				DEVELOPMENT_TEAM = U4M8YXDL9F;
				GENERATE_INFOPLIST_FILE = YES;
				INFOPLIST_FILE = AFNetworkingLearning/Info.plist;
				INFOPLIST_KEY_UIApplicationSupportsIndirectInputEvents = YES;
				INFOPLIST_KEY_UILaunchStoryboardName = LaunchScreen;
				INFOPLIST_KEY_UIMainStoryboardFile = Main;
				INFOPLIST_KEY_UISupportedInterfaceOrientations_iPad = "UIInterfaceOrientationPortrait UIInterfaceOrientationPortraitUpsideDown UIInterfaceOrientationLandscapeLeft UIInterfaceOrientationLandscapeRight";
				INFOPLIST_KEY_UISupportedInterfaceOrientations_iPhone = "UIInterfaceOrientationPortrait UIInterfaceOrientationLandscapeLeft UIInterfaceOrientationLandscapeRight";
				IPHONEOS_DEPLOYMENT_TARGET = 13.0;
				LD_RUNPATH_SEARCH_PATHS = (
					"$(inherited)",
					"@executable_path/Frameworks",
				);
				MARKETING_VERSION = 1.0;
				PRODUCT_BUNDLE_IDENTIFIER = com.dclcs.DCLApp.AFNetworkingLearning;
				PRODUCT_NAME = "$(TARGET_NAME)";
				SWIFT_EMIT_LOC_STRINGS = YES;
				TARGETED_DEVICE_FAMILY = "1,2";
			};
			name = Debug;
		};
		6F4F08482AF7C0A8009D3568 /* Release */ = {
			isa = XCBuildConfiguration;
			buildSettings = {
				ASSETCATALOG_COMPILER_APPICON_NAME = AppIcon;
				ASSETCATALOG_COMPILER_GLOBAL_ACCENT_COLOR_NAME = AccentColor;
				CODE_SIGN_STYLE = Automatic;
				CURRENT_PROJECT_VERSION = 1;
				DEVELOPMENT_TEAM = U4M8YXDL9F;
				GENERATE_INFOPLIST_FILE = YES;
				INFOPLIST_FILE = AFNetworkingLearning/Info.plist;
				INFOPLIST_KEY_UIApplicationSupportsIndirectInputEvents = YES;
				INFOPLIST_KEY_UILaunchStoryboardName = LaunchScreen;
				INFOPLIST_KEY_UIMainStoryboardFile = Main;
				INFOPLIST_KEY_UISupportedInterfaceOrientations_iPad = "UIInterfaceOrientationPortrait UIInterfaceOrientationPortraitUpsideDown UIInterfaceOrientationLandscapeLeft UIInterfaceOrientationLandscapeRight";
				INFOPLIST_KEY_UISupportedInterfaceOrientations_iPhone = "UIInterfaceOrientationPortrait UIInterfaceOrientationLandscapeLeft UIInterfaceOrientationLandscapeRight";
				IPHONEOS_DEPLOYMENT_TARGET = 13.0;
				LD_RUNPATH_SEARCH_PATHS = (
					"$(inherited)",
					"@executable_path/Frameworks",
				);
				MARKETING_VERSION = 1.0;
				PRODUCT_BUNDLE_IDENTIFIER = com.dclcs.DCLApp.AFNetworkingLearning;
				PRODUCT_NAME = "$(TARGET_NAME)";
				SWIFT_EMIT_LOC_STRINGS = YES;
				TARGETED_DEVICE_FAMILY = "1,2";
			};
			name = Release;
		};
/* End XCBuildConfiguration section */

/* Begin XCConfigurationList section */
		6F24BD8A2AF8E12500157372 /* Build configuration list for PBXNativeTarget "AFNetworkingLearningTests" */ = {
			isa = XCConfigurationList;
			buildConfigurations = (
				6F24BD882AF8E12500157372 /* Debug */,
				6F24BD892AF8E12500157372 /* Release */,
			);
			defaultConfigurationIsVisible = 0;
			defaultConfigurationName = Release;
		};
		6F4F08282AF7C0A7009D3568 /* Build configuration list for PBXProject "AFNetworkingLearning" */ = {
			isa = XCConfigurationList;
			buildConfigurations = (
				6F4F08442AF7C0A8009D3568 /* Debug */,
				6F4F08452AF7C0A8009D3568 /* Release */,
			);
			defaultConfigurationIsVisible = 0;
			defaultConfigurationName = Release;
		};
		6F4F08462AF7C0A8009D3568 /* Build configuration list for PBXNativeTarget "AFNetworkingLearning" */ = {
			isa = XCConfigurationList;
			buildConfigurations = (
				6F4F08472AF7C0A8009D3568 /* Debug */,
				6F4F08482AF7C0A8009D3568 /* Release */,
			);
			defaultConfigurationIsVisible = 0;
			defaultConfigurationName = Release;
		};
/* End XCConfigurationList section */
	};
	rootObject = 6F4F08252AF7C0A7009D3568 /* Project object */;
}
